
Microsoft Visual Studio Solution File, Format Version 12.00
# Visual Studio 14
VisualStudioVersion = 14.0.25420.1
MinimumVisualStudioVersion = 10.0.40219.1
Project("{FAE04EC0-301F-11D3-BF4B-00C04F79EFBC}") = "DotsAndBoxes", "DotsAndBoxes\DotsAndBoxes.csproj", "{46C9770C-2B86-49CB-9805-831F569F7950}"
EndProject
Project("{FAE04EC0-301F-11D3-BF4B-00C04F79EFBC}") = "DotsAndBoxesTests", "DotsAndBoxesTests\DotsAndBoxesTests.csproj", "{BF484D19-1772-45FB-B1E5-5342391DB115}"
EndProject
Global
	GlobalSection(SolutionConfigurationPlatforms) = preSolution
		Debug|Any CPU = Debug|Any CPU
		Release|Any CPU = Release|Any CPU
	EndGlobalSection
	GlobalSection(ProjectConfigurationPlatforms) = postSolution
		{46C9770C-2B86-49CB-9805-831F569F7950}.Debug|Any CPU.ActiveCfg = Debug|Any CPU
		{46C9770C-2B86-49CB-9805-831F569F7950}.Debug|Any CPU.Build.0 = Debug|Any CPU
		{46C9770C-2B86-49CB-9805-831F569F7950}.Release|Any CPU.ActiveCfg = Release|Any CPU
		{46C9770C-2B86-49CB-9805-831F569F7950}.Release|Any CPU.Build.0 = Release|Any CPU
		{BF484D19-1772-45FB-B1E5-5342391DB115}.Debug|Any CPU.ActiveCfg = Debug|Any CPU
		{BF484D19-1772-45FB-B1E5-5342391DB115}.Debug|Any CPU.Build.0 = Debug|Any CPU
		{BF484D19-1772-45FB-B1E5-5342391DB115}.Release|Any CPU.ActiveCfg = Release|Any CPU
		{BF484D19-1772-45FB-B1E5-5342391DB115}.Release|Any CPU.Build.0 = Release|Any CPU
	EndGlobalSection
	GlobalSection(SolutionProperties) = preSolution
		HideSolutionNode = FALSE
	EndGlobalSection
EndGlobal
